
Microsoft Visual Studio Solution File, Format Version 12.00
# Visual Studio Version 16
VisualStudioVersion = 16.0.29709.97
MinimumVisualStudioVersion = 10.0.40219.1
Project("{FAE04EC0-301F-11D3-BF4B-00C04F79EFBC}") = "practice4_1", "practice4_1.csproj", "{88ED6E43-838C-4EDD-893B-DB31F0476292}"
EndProject
Global
	GlobalSection(SolutionConfigurationPlatforms) = preSolution
		Debug|Any CPU = Debug|Any CPU
		Release|Any CPU = Release|Any CPU
	EndGlobalSection
	GlobalSection(ProjectConfigurationPlatforms) = postSolution
		{88ED6E43-838C-4EDD-893B-DB31F0476292}.Debug|Any CPU.ActiveCfg = Debug|Any CPU
		{88ED6E43-838C-4EDD-893B-DB31F0476292}.Debug|Any CPU.Build.0 = Debug|Any CPU
		{88ED6E43-838C-4EDD-893B-DB31F0476292}.Release|Any CPU.ActiveCfg = Release|Any CPU
		{88ED6E43-838C-4EDD-893B-DB31F0476292}.Release|Any CPU.Build.0 = Release|Any CPU
	EndGlobalSection
	GlobalSection(SolutionProperties) = preSolution
		HideSolutionNode = FALSE
	EndGlobalSection
	GlobalSection(ExtensibilityGlobals) = postSolution
		SolutionGuid = {47B251DC-1B58-46DB-9D3C-A8B571A517F3}
	EndGlobalSection
EndGlobal
